
Microsoft Visual Studio Solution File, Format Version 12.00
# Visual Studio Version 17
VisualStudioVersion = 17.14.36310.24 d17.14
MinimumVisualStudioVersion = 10.0.40219.1
Project("{FAE04EC0-301F-11D3-BF4B-00C04F79EFBC}") = "Library Late Fee Simulator", "Library Late Fee Simulator.csproj", "{B6C47C74-B70F-42D7-8BDB-5D8E83942F69}"
EndProject
Global
	GlobalSection(SolutionConfigurationPlatforms) = preSolution
		Debug|Any CPU = Debug|Any CPU
		Release|Any CPU = Release|Any CPU
	EndGlobalSection
	GlobalSection(ProjectConfigurationPlatforms) = postSolution
		{B6C47C74-B70F-42D7-8BDB-5D8E83942F69}.Debug|Any CPU.ActiveCfg = Debug|Any CPU
		{B6C47C74-B70F-42D7-8BDB-5D8E83942F69}.Debug|Any CPU.Build.0 = Debug|Any CPU
		{B6C47C74-B70F-42D7-8BDB-5D8E83942F69}.Release|Any CPU.ActiveCfg = Release|Any CPU
		{B6C47C74-B70F-42D7-8BDB-5D8E83942F69}.Release|Any CPU.Build.0 = Release|Any CPU
	EndGlobalSection
	GlobalSection(SolutionProperties) = preSolution
		HideSolutionNode = FALSE
	EndGlobalSection
	GlobalSection(ExtensibilityGlobals) = postSolution
		SolutionGuid = {D6CFC34C-57A2-44D6-9DAE-5135CD37D9F1}
	EndGlobalSection
EndGlobal
